
Microsoft Visual Studio Solution File, Format Version 12.00
# Visual Studio 14
VisualStudioVersion = 14.0.25420.1
MinimumVisualStudioVersion = 10.0.40219.1
Project("{FAE04EC0-301F-11D3-BF4B-00C04F79EFBC}") = "Kaftar.Core.Cqrs", "Kaftar.Core.Cqrs\Kaftar.Core.Cqrs.csproj", "{15259790-20C8-4C52-8092-CEFC947EF8AD}"
EndProject
Project("{FAE04EC0-301F-11D3-BF4B-00C04F79EFBC}") = "Kaftar.Core.Models", "Kaftar.Core.Models\Kaftar.Core.Models.csproj", "{261EA20C-3EB5-4552-8DF9-6B6EEB051824}"
EndProject
Project("{FAE04EC0-301F-11D3-BF4B-00C04F79EFBC}") = "Kaftar.Core.EntityFramework", "Kaftar.Core.EntityFramework\Kaftar.Core.EntityFramework.csproj", "{AA3A8714-F437-443C-A30D-69628576827E}"
EndProject
Global
	GlobalSection(SolutionConfigurationPlatforms) = preSolution
		Debug|Any CPU = Debug|Any CPU
		Release|Any CPU = Release|Any CPU
	EndGlobalSection
	GlobalSection(ProjectConfigurationPlatforms) = postSolution
		{15259790-20C8-4C52-8092-CEFC947EF8AD}.Debug|Any CPU.ActiveCfg = Debug|Any CPU
		{15259790-20C8-4C52-8092-CEFC947EF8AD}.Debug|Any CPU.Build.0 = Debug|Any CPU
		{15259790-20C8-4C52-8092-CEFC947EF8AD}.Release|Any CPU.ActiveCfg = Release|Any CPU
		{15259790-20C8-4C52-8092-CEFC947EF8AD}.Release|Any CPU.Build.0 = Release|Any CPU
		{261EA20C-3EB5-4552-8DF9-6B6EEB051824}.Debug|Any CPU.ActiveCfg = Debug|Any CPU
		{261EA20C-3EB5-4552-8DF9-6B6EEB051824}.Debug|Any CPU.Build.0 = Debug|Any CPU
		{261EA20C-3EB5-4552-8DF9-6B6EEB051824}.Release|Any CPU.ActiveCfg = Release|Any CPU
		{261EA20C-3EB5-4552-8DF9-6B6EEB051824}.Release|Any CPU.Build.0 = Release|Any CPU
		{AA3A8714-F437-443C-A30D-69628576827E}.Debug|Any CPU.ActiveCfg = Debug|Any CPU
		{AA3A8714-F437-443C-A30D-69628576827E}.Debug|Any CPU.Build.0 = Debug|Any CPU
		{AA3A8714-F437-443C-A30D-69628576827E}.Release|Any CPU.ActiveCfg = Release|Any CPU
		{AA3A8714-F437-443C-A30D-69628576827E}.Release|Any CPU.Build.0 = Release|Any CPU
	EndGlobalSection
	GlobalSection(SolutionProperties) = preSolution
		HideSolutionNode = FALSE
	EndGlobalSection
EndGlobal
